
Microsoft Visual Studio Solution File, Format Version 12.00
# Visual Studio Version 17
VisualStudioVersion = 17.7.34031.279
MinimumVisualStudioVersion = 10.0.40219.1
Project("{9A19103F-16F7-4668-BE54-9A1E7A4F7556}") = "ExamTask1", "ExamTask1\ExamTask1.csproj", "{BC970CD9-AE3F-49DA-ABA4-9B84BF79B8A9}"
EndProject
Project("{FAE04EC0-301F-11D3-BF4B-00C04F79EFBC}") = "ExamTask2", "ExamTask2\ExamTask2.csproj", "{552F558F-EDB2-4534-9E4F-DFCDABF009ED}"
EndProject
Global
	GlobalSection(SolutionConfigurationPlatforms) = preSolution
		Debug|Any CPU = Debug|Any CPU
		Release|Any CPU = Release|Any CPU
	EndGlobalSection
	GlobalSection(ProjectConfigurationPlatforms) = postSolution
		{BC970CD9-AE3F-49DA-ABA4-9B84BF79B8A9}.Debug|Any CPU.ActiveCfg = Debug|Any CPU
		{BC970CD9-AE3F-49DA-ABA4-9B84BF79B8A9}.Debug|Any CPU.Build.0 = Debug|Any CPU
		{BC970CD9-AE3F-49DA-ABA4-9B84BF79B8A9}.Release|Any CPU.ActiveCfg = Release|Any CPU
		{BC970CD9-AE3F-49DA-ABA4-9B84BF79B8A9}.Release|Any CPU.Build.0 = Release|Any CPU
		{552F558F-EDB2-4534-9E4F-DFCDABF009ED}.Debug|Any CPU.ActiveCfg = Debug|Any CPU
		{552F558F-EDB2-4534-9E4F-DFCDABF009ED}.Debug|Any CPU.Build.0 = Debug|Any CPU
		{552F558F-EDB2-4534-9E4F-DFCDABF009ED}.Release|Any CPU.ActiveCfg = Release|Any CPU
		{552F558F-EDB2-4534-9E4F-DFCDABF009ED}.Release|Any CPU.Build.0 = Release|Any CPU
	EndGlobalSection
	GlobalSection(SolutionProperties) = preSolution
		HideSolutionNode = FALSE
	EndGlobalSection
	GlobalSection(ExtensibilityGlobals) = postSolution
		SolutionGuid = {60A0836B-56FA-4074-B417-0768444E4683}
	EndGlobalSection
EndGlobal
